{
  "nodes": {
    "flake-utils": {
      "inputs": {
        "systems": "systems"
      },
      "locked": {
        "lastModified": 1694529238,
        "narHash": "sha256-zsNZZGTGnMOf9YpHKJqMSsa0dXbfmxeoJ7xHlrt+xmY=",
        "owner": "numtide",
        "repo": "flake-utils",
        "rev": "ff7b65b44d01cf9ba6a71320833626af21126384",
        "type": "github"
      },
      "original": {
        "owner": "numtide",
        "repo": "flake-utils",
        "type": "github"
      }
    },
    "flake-utils_2": {
      "inputs": {
        "systems": "systems_2"
      },
      "locked": {
        "lastModified": 1694529238,
        "narHash": "sha256-zsNZZGTGnMOf9YpHKJqMSsa0dXbfmxeoJ7xHlrt+xmY=",
        "owner": "numtide",
        "repo": "flake-utils",
        "rev": "ff7b65b44d01cf9ba6a71320833626af21126384",
        "type": "github"
      },
      "original": {
        "owner": "numtide",
        "repo": "flake-utils",
        "type": "github"
      }
    },
    "neovim-flake": {
      "inputs": {
        "flake-utils": "flake-utils_2",
        "nixpkgs": "nixpkgs"
      },
      "locked": {
        "dir": "contrib",
        "lastModified": 1701540140,
        "narHash": "sha256-STWB5LiEQzDbEtyCF4ISjD13+7cWEFErYK8mEmuQSHQ=",
        "owner": "neovim",
        "repo": "neovim",
        "rev": "481a3158866638946c91fab28ae5bca97ff1e814",
        "type": "github"
      },
      "original": {
        "dir": "contrib",
        "owner": "neovim",
        "repo": "neovim",
        "type": "github"
      }
    },
    "nixpkgs": {
      "locked": {
        "lastModified": 1701253981,
        "narHash": "sha256-ztaDIyZ7HrTAfEEUt9AtTDNoCYxUdSd6NrRHaYOIxtk=",
        "owner": "nixos",
        "repo": "nixpkgs",
        "rev": "e92039b55bcd58469325ded85d4f58dd5a4eaf58",
        "type": "github"
      },
      "original": {
        "owner": "nixos",
        "ref": "nixos-unstable",
        "repo": "nixpkgs",
        "type": "github"
      }
    },
    "nixpkgs_2": {
      "locked": {
        "lastModified": 1701253981,
        "narHash": "sha256-ztaDIyZ7HrTAfEEUt9AtTDNoCYxUdSd6NrRHaYOIxtk=",
        "owner": "NixOS",
        "repo": "nixpkgs",
        "rev": "e92039b55bcd58469325ded85d4f58dd5a4eaf58",
        "type": "github"
      },
      "original": {
        "id": "nixpkgs",
        "ref": "nixos-unstable",
        "type": "indirect"
      }
    },
    "plugin:cmp-buffer": {
      "flake": false,
      "locked": {
        "lastModified": 1660101488,
        "narHash": "sha256-dG4U7MtnXThoa/PD+qFtCt76MQ14V1wX8GMYcvxEnbM=",
        "owner": "hrsh7th",
        "repo": "cmp-buffer",
        "rev": "3022dbc9166796b644a841a02de8dd1cc1d311fa",
        "type": "github"
      },
      "original": {
        "owner": "hrsh7th",
        "repo": "cmp-buffer",
        "type": "github"
      }
    },
    "plugin:cmp-cmdline": {
      "flake": false,
      "locked": {
        "lastModified": 1686243464,
        "narHash": "sha256-W8v/XhPjbvKSwCrfOAPihO2N9PEVnH5Cp/Fa25lNRw4=",
        "owner": "hrsh7th",
        "repo": "cmp-cmdline",
        "rev": "8ee981b4a91f536f52add291594e89fb6645e451",
        "type": "github"
      },
      "original": {
        "owner": "hrsh7th",
        "repo": "cmp-cmdline",
        "type": "github"
      }
    },
    "plugin:cmp-nvim": {
      "flake": false,
      "locked": {
        "lastModified": 1699261102,
        "narHash": "sha256-auUHEjUDOaDkMI9loN6T+/whDDNzPl04bf+nqqLQ5+I=",
        "owner": "hrsh7th",
        "repo": "nvim-cmp",
        "rev": "0b751f6beef40fd47375eaf53d3057e0bfa317e4",
        "type": "github"
      },
      "original": {
        "owner": "hrsh7th",
        "repo": "nvim-cmp",
        "type": "github"
      }
    },
    "plugin:cmp-nvim-lsp": {
      "flake": false,
      "locked": {
        "lastModified": 1687494203,
        "narHash": "sha256-mU0soCz79erJXMMqD/FyrJZ0mu2n6fE0deymPzQlxts=",
        "owner": "hrsh7th",
        "repo": "cmp-nvim-lsp",
        "rev": "44b16d11215dce86f253ce0c30949813c0a90765",
        "type": "github"
      },
      "original": {
        "owner": "hrsh7th",
        "repo": "cmp-nvim-lsp",
        "type": "github"
      }
    },
    "plugin:cmp-nvim-lua": {
      "flake": false,
      "locked": {
        "lastModified": 1681458603,
        "narHash": "sha256-6eXOK1mVK06TN1akhN42Bo4wQpeen3rk3b/m7iVmGKM=",
        "owner": "hrsh7th",
        "repo": "cmp-nvim-lua",
        "rev": "f12408bdb54c39c23e67cab726264c10db33ada8",
        "type": "github"
      },
      "original": {
        "owner": "hrsh7th",
        "repo": "cmp-nvim-lua",
        "type": "github"
      }
    },
    "plugin:cmp-path": {
      "flake": false,
      "locked": {
        "lastModified": 1664784283,
        "narHash": "sha256-thppiiV3wjIaZnAXmsh7j3DUc6ceSCvGzviwFUnoPaI=",
        "owner": "hrsh7th",
        "repo": "cmp-path",
        "rev": "91ff86cd9c29299a64f968ebb45846c485725f23",
        "type": "github"
      },
      "original": {
        "owner": "hrsh7th",
        "repo": "cmp-path",
        "type": "github"
      }
    },
    "plugin:cmp_luasnip": {
      "flake": false,
      "locked": {
        "lastModified": 1696878902,
        "narHash": "sha256-nUJJl2zyK/oSwz5RzI9j3gf9zpDfCImCYbPbVsyXgz8=",
        "owner": "saadparwaiz1",
        "repo": "cmp_luasnip",
        "rev": "05a9ab28b53f71d1aece421ef32fee2cb857a843",
        "type": "github"
      },
      "original": {
        "owner": "saadparwaiz1",
        "repo": "cmp_luasnip",
        "type": "github"
      }
    },
    "plugin:friendly-snippets": {
      "flake": false,
      "locked": {
        "lastModified": 1701065358,
        "narHash": "sha256-6a1JMW+iZjqopnzFhC7vMamnW2iWhMHqi1Xs45d+7x8=",
        "owner": "rafamadriz",
        "repo": "friendly-snippets",
        "rev": "53d3df271d031c405255e99410628c26a8f0d2b0",
        "type": "github"
      },
      "original": {
        "owner": "rafamadriz",
        "repo": "friendly-snippets",
        "type": "github"
      }
    },
    "plugin:glow": {
      "flake": false,
      "locked": {
        "lastModified": 1693233815,
        "narHash": "sha256-vdlwkIK2EkFviJmSiOqPWvc15xqJ9F2gHCC4ObJ5Qjk=",
        "owner": "ellisonleao",
        "repo": "glow.nvim",
        "rev": "5b38fb7b6e806cac62707a4aba8c10c5f14d5bb5",
        "type": "github"
      },
      "original": {
        "owner": "ellisonleao",
        "repo": "glow.nvim",
        "type": "github"
      }
    },
    "plugin:go.nvim": {
      "flake": false,
      "locked": {
        "lastModified": 1701418116,
        "narHash": "sha256-UcpwhPJ7Kmwdm9bHx5hXucsvMqemtF6nIr/DPdOrb2E=",
        "owner": "ray-x",
        "repo": "go.nvim",
        "rev": "7b7c20029a817ef51f6b498388488e9850fe45ac",
        "type": "github"
      },
      "original": {
        "owner": "ray-x",
        "repo": "go.nvim",
        "type": "github"
      }
    },
    "plugin:lazygit": {
      "flake": false,
      "locked": {
        "lastModified": 1695702626,
        "narHash": "sha256-dJnCYFTdpXPN3MdACO8+JMF6EZPpWHSbB1XGdxCh7PE=",
        "owner": "kdheepak",
        "repo": "lazygit.nvim",
        "rev": "de35012036d43bca03628d40d083f7c02a4cda3f",
        "type": "github"
      },
      "original": {
        "owner": "kdheepak",
        "repo": "lazygit.nvim",
        "type": "github"
      }
    },
    "plugin:luasnip": {
      "flake": false,
      "locked": {
        "lastModified": 1701537076,
        "narHash": "sha256-BekQ0y1k92efCDo/XgwHi9QES5uKHNGG9W2P/bAWeDE=",
        "owner": "L3MON4D3",
        "repo": "LuaSnip",
        "rev": "07f217ff03be671e7ec0f2f226e2b80c587a3f6c",
        "type": "github"
      },
      "original": {
        "owner": "L3MON4D3",
        "repo": "LuaSnip",
        "type": "github"
      }
    },
    "plugin:neodev": {
      "flake": false,
      "locked": {
        "lastModified": 1701324345,
        "narHash": "sha256-7OdEbwP4ybR59AH8qauRn+3vB48gx9++X+1cYf+0Y8c=",
        "owner": "folke",
        "repo": "neodev.nvim",
        "rev": "1676d2c24186fc30005317e0306d20c639b2351b",
        "type": "github"
      },
      "original": {
        "owner": "folke",
        "repo": "neodev.nvim",
        "type": "github"
      }
    },
    "plugin:neovim-tree": {
      "flake": false,
      "locked": {
        "lastModified": 1701164392,
        "narHash": "sha256-fMF8nXGodV0cYwSzKH6ThYmlp7oV9U8JDCgFwul6Ss4=",
        "owner": "nvim-tree",
        "repo": "nvim-tree.lua",
        "rev": "05f55c1fd6470b31627655c528245794e3cd4b2c",
        "type": "github"
      },
      "original": {
        "owner": "nvim-tree",
        "repo": "nvim-tree.lua",
        "type": "github"
      }
    },
    "plugin:nickel": {
      "flake": false,
      "locked": {
        "lastModified": 1695740542,
        "narHash": "sha256-wb8UNs0eF6939pjZWafDoFgRh/10rKorJFZtPbTkn/k=",
        "owner": "nickel-lang",
        "repo": "vim-nickel",
        "rev": "f22898d88affc0958453b42e1147ba076637e0ed",
        "type": "github"
      },
      "original": {
        "owner": "nickel-lang",
        "repo": "vim-nickel",
        "type": "github"
      }
    },
    "plugin:nvim-dap": {
      "flake": false,
      "locked": {
        "lastModified": 1701540969,
        "narHash": "sha256-yVPNXUZzpGaXr8POfQZJubZ/PfsjkLMk9ElvuP7el14=",
        "owner": "mfussenegger",
        "repo": "nvim-dap",
        "rev": "d7749eb3d9933a75d2244820308ce442f646c7ae",
        "type": "github"
      },
      "original": {
        "owner": "mfussenegger",
        "repo": "nvim-dap",
        "type": "github"
      }
    },
    "plugin:nvim-lspconfig": {
      "flake": false,
      "locked": {
        "lastModified": 1701402860,
        "narHash": "sha256-fS47CBEXE+T62ed0kS8+baNxsEdNWlbvw2NM29/B2Zo=",
        "owner": "neovim",
        "repo": "nvim-lspconfig",
        "rev": "694aaec65733e2d54d393abf80e526f86726c988",
        "type": "github"
      },
      "original": {
        "owner": "neovim",
        "repo": "nvim-lspconfig",
        "type": "github"
      }
    },
    "plugin:ocaml.nvim": {
      "flake": false,
      "locked": {
        "lastModified": 1693430215,
        "narHash": "sha256-zwjxoaibBKm7CN9PFq5YnnHq93Vs/odvBuAffb3V69U=",
        "owner": "tjdevries",
        "repo": "ocaml.nvim",
        "rev": "53df6f15b7a2a7017031006f9d4a833e2e50c884",
        "type": "github"
      },
      "original": {
        "owner": "tjdevries",
        "repo": "ocaml.nvim",
        "type": "github"
      }
    },
    "plugin:onedark-vim": {
      "flake": false,
      "locked": {
        "lastModified": 1689744943,
        "narHash": "sha256-rt/VKABAfxyFBKNerZiswWDaBrusrn7WaI1jHbn3I/s=",
        "owner": "joshdick",
        "repo": "onedark.vim",
        "rev": "57b77747694ea5676c3ca0eeaf9567dc499730c0",
        "type": "github"
      },
      "original": {
        "owner": "joshdick",
        "repo": "onedark.vim",
        "type": "github"
      }
    },
    "plugin:org": {
      "flake": false,
      "locked": {
        "lastModified": 1700662116,
        "narHash": "sha256-+dp6sbspytDuIEUqesLQHfvGNEravhc2N69gfbo/0NA=",
        "owner": "nvim-orgmode",
        "repo": "orgmode",
        "rev": "cbb10d4c7514680e90f791d62f1168cb87aad0ce",
        "type": "github"
      },
      "original": {
        "owner": "nvim-orgmode",
        "repo": "orgmode",
        "type": "github"
      }
    },
    "plugin:plenary": {
      "flake": false,
      "locked": {
        "lastModified": 1701343040,
        "narHash": "sha256-f8YVaXMG0ZyW6iotAgnftaYULnL69UPolRad6RTG27g=",
        "owner": "nvim-lua",
        "repo": "plenary.nvim",
        "rev": "55d9fe89e33efd26f532ef20223e5f9430c8b0c0",
        "type": "github"
      },
      "original": {
        "owner": "nvim-lua",
        "repo": "plenary.nvim",
        "type": "github"
      }
    },
    "plugin:rust-lsp": {
      "flake": false,
      "locked": {
        "lastModified": 1689033186,
        "narHash": "sha256-jtfyDxifchznUupLSao6nmpVqaX1yO0xN+NhqS9fgxg=",
        "owner": "simrat39",
        "repo": "rust-tools.nvim",
        "rev": "0cc8adab23117783a0292a0c8a2fbed1005dc645",
        "type": "github"
      },
      "original": {
        "owner": "simrat39",
        "repo": "rust-tools.nvim",
        "type": "github"
      }
    },
    "plugin:tagbar": {
      "flake": false,
      "locked": {
        "lastModified": 1695665319,
        "narHash": "sha256-8h/cgbw/1KDNIwB3H9t6g54DiAEFrVABQURqeEp/JSI=",
        "owner": "preservim",
        "repo": "tagbar",
        "rev": "5d6990e4fc5b3e3b88a3af90146f2561c4f6d828",
        "type": "github"
      },
      "original": {
        "owner": "preservim",
        "repo": "tagbar",
        "type": "github"
      }
    },
    "plugin:telescope-plugin": {
      "flake": false,
      "locked": {
        "lastModified": 1701464478,
        "narHash": "sha256-touMCltcnqkrQYV1NtNeWLQeFVGt+WM3aIWIdKilA7w=",
        "owner": "nvim-telescope",
        "repo": "telescope-project.nvim",
        "rev": "1aaf16580a614601a7f7077d9639aeb457dc5559",
        "type": "github"
      },
      "original": {
        "owner": "nvim-telescope",
        "repo": "telescope-project.nvim",
        "type": "github"
      }
    },
    "plugin:telescope-plugin-vimwiki": {
      "flake": false,
      "locked": {
        "lastModified": 1650393779,
        "narHash": "sha256-46N1vMSu1UuzPFFe6Yt39s3xlKPOTErhPJbfaBQgq7g=",
        "owner": "ElPiloto",
        "repo": "telescope-vimwiki.nvim",
        "rev": "13a83b6107da17af9eb8a1d8e0fe49e1004dfeb4",
        "type": "github"
      },
      "original": {
        "owner": "ElPiloto",
        "repo": "telescope-vimwiki.nvim",
        "type": "github"
      }
    },
    "plugin:telescope.nvim": {
      "flake": false,
      "locked": {
        "lastModified": 1701554506,
        "narHash": "sha256-dUS/Pc8SRUDTlMzp159XeSkMTwMNsuPQsqNLUE+Pnj8=",
        "owner": "nvim-telescope",
        "repo": "telescope.nvim",
        "rev": "5f18f3dc5106cc469864a51b879b112bfb496a79",
        "type": "github"
      },
      "original": {
        "owner": "nvim-telescope",
        "repo": "telescope.nvim",
        "type": "github"
      }
    },
    "plugin:toggleterm": {
      "flake": false,
      "locked": {
        "lastModified": 1701096042,
        "narHash": "sha256-6y6CiQBA4jg717YyQhWSX4VYDkundVn4rPkqJfLbj7k=",
        "owner": "akinsho",
        "repo": "toggleterm.nvim",
        "rev": "6b334b9d1266b0f58ab1b6965c1e5b7eb5c34523",
        "type": "github"
      },
      "original": {
        "owner": "akinsho",
        "repo": "toggleterm.nvim",
        "type": "github"
      }
    },
    "plugin:tree-sitter": {
      "flake": false,
      "locked": {
        "lastModified": 1701413471,
        "narHash": "sha256-scrkupf/weQweU0vuTpgNTZ5hddPrLHCCWVSB9Aq9VU=",
        "owner": "nvim-treesitter",
        "repo": "nvim-treesitter",
        "rev": "80a16deb5146a3eb4648effccda1ab9f45e43e76",
        "type": "github"
      },
      "original": {
        "owner": "nvim-treesitter",
        "repo": "nvim-treesitter",
        "type": "github"
      }
    },
    "plugin:trouble.nvim": {
      "flake": false,
      "locked": {
        "lastModified": 1697626811,
        "narHash": "sha256-8nLghiueYOtWY7OGVxow9A2G/5lgt+Kt5D8q1xeJvVg=",
        "owner": "folke",
        "repo": "trouble.nvim",
        "rev": "f1168feada93c0154ede4d1fe9183bf69bac54ea",
        "type": "github"
      },
      "original": {
        "owner": "folke",
        "repo": "trouble.nvim",
        "type": "github"
      }
    },
    "plugin:vim-be-good": {
      "flake": false,
      "locked": {
        "lastModified": 1667916364,
        "narHash": "sha256-lJNY/5dONZLkxSEegrwtZ6PHYsgMD3nZkbxm6fFq3vY=",
        "owner": "ThePrimeagen",
        "repo": "vim-be-good",
        "rev": "c290810728a4f75e334b07dc0f3a4cdea908d351",
        "type": "github"
      },
      "original": {
        "owner": "ThePrimeagen",
        "repo": "vim-be-good",
        "type": "github"
      }
    },
    "plugin:vim-commentary": {
      "flake": false,
      "locked": {
        "lastModified": 1667247706,
        "narHash": "sha256-wPNAXFC3rgYJ1YkyyMqfUxiiozNldrk5ifpNHhNifyY=",
        "owner": "tpope",
        "repo": "vim-commentary",
        "rev": "e87cd90dc09c2a203e13af9704bd0ef79303d755",
        "type": "github"
      },
      "original": {
        "owner": "tpope",
        "repo": "vim-commentary",
        "type": "github"
      }
    },
    "plugin:vim-nix": {
      "flake": false,
      "locked": {
        "lastModified": 1690632691,
        "narHash": "sha256-x6/WNMWFbR/1uLAeMawlwmp4b1ak+YRWu7abwx+9TRs=",
        "owner": "LnL7",
        "repo": "vim-nix",
        "rev": "1e8d3cc4d74f40fb384cd1739739543fe117ff61",
        "type": "github"
      },
      "original": {
        "owner": "LnL7",
        "repo": "vim-nix",
        "type": "github"
      }
    },
    "plugin:vimwiki": {
      "flake": false,
      "locked": {
        "lastModified": 1698770718,
        "narHash": "sha256-lLSZD4XjixIka8KSj0sC/oZ3oQrecUgcMag/uh9U1e8=",
        "owner": "vimwiki",
        "repo": "vimwiki",
        "rev": "0bb1b4945bb205a076a35b66174e5d66be8eaafe",
        "type": "github"
      },
      "original": {
        "owner": "vimwiki",
        "repo": "vimwiki",
        "type": "github"
      }
    },
    "plugin:webdev-icons": {
      "flake": false,
      "locked": {
        "lastModified": 1701051941,
        "narHash": "sha256-6RYrOPbNkCowDOFDE4NrSKEdwDYURuYONFobGMoKrO8=",
        "owner": "nvim-tree",
        "repo": "nvim-web-devicons",
        "rev": "5efb8bd06841f91f97c90e16de85e96d57e9c862",
        "type": "github"
      },
      "original": {
        "owner": "nvim-tree",
        "repo": "nvim-web-devicons",
        "type": "github"
      }
    },
    "plugin:which-key": {
      "flake": false,
      "locked": {
        "lastModified": 1697801635,
        "narHash": "sha256-uvghPj/teWrRMm09Gh8iQ/LV2nYJw0lmoiZK6L4+1cY=",
        "owner": "folke",
        "repo": "which-key.nvim",
        "rev": "4433e5ec9a507e5097571ed55c02ea9658fb268a",
        "type": "github"
      },
      "original": {
        "owner": "folke",
        "repo": "which-key.nvim",
        "type": "github"
      }
    },
    "root": {
      "inputs": {
        "flake-utils": "flake-utils",
        "neovim-flake": "neovim-flake",
        "nixpkgs": "nixpkgs_2",
        "plugin:cmp-buffer": "plugin:cmp-buffer",
        "plugin:cmp-cmdline": "plugin:cmp-cmdline",
        "plugin:cmp-nvim": "plugin:cmp-nvim",
        "plugin:cmp-nvim-lsp": "plugin:cmp-nvim-lsp",
        "plugin:cmp-nvim-lua": "plugin:cmp-nvim-lua",
        "plugin:cmp-path": "plugin:cmp-path",
        "plugin:cmp_luasnip": "plugin:cmp_luasnip",
        "plugin:friendly-snippets": "plugin:friendly-snippets",
        "plugin:glow": "plugin:glow",
        "plugin:go.nvim": "plugin:go.nvim",
        "plugin:lazygit": "plugin:lazygit",
        "plugin:luasnip": "plugin:luasnip",
        "plugin:neodev": "plugin:neodev",
        "plugin:neovim-tree": "plugin:neovim-tree",
        "plugin:nickel": "plugin:nickel",
        "plugin:nvim-dap": "plugin:nvim-dap",
        "plugin:nvim-lspconfig": "plugin:nvim-lspconfig",
        "plugin:ocaml.nvim": "plugin:ocaml.nvim",
        "plugin:onedark-vim": "plugin:onedark-vim",
        "plugin:org": "plugin:org",
        "plugin:plenary": "plugin:plenary",
        "plugin:rust-lsp": "plugin:rust-lsp",
        "plugin:tagbar": "plugin:tagbar",
        "plugin:telescope-plugin": "plugin:telescope-plugin",
        "plugin:telescope-plugin-vimwiki": "plugin:telescope-plugin-vimwiki",
        "plugin:telescope.nvim": "plugin:telescope.nvim",
        "plugin:toggleterm": "plugin:toggleterm",
        "plugin:tree-sitter": "plugin:tree-sitter",
        "plugin:trouble.nvim": "plugin:trouble.nvim",
        "plugin:vim-be-good": "plugin:vim-be-good",
        "plugin:vim-commentary": "plugin:vim-commentary",
        "plugin:vim-nix": "plugin:vim-nix",
        "plugin:vimwiki": "plugin:vimwiki",
        "plugin:webdev-icons": "plugin:webdev-icons",
        "plugin:which-key": "plugin:which-key"
      }
    },
    "systems": {
      "locked": {
        "lastModified": 1681028828,
        "narHash": "sha256-Vy1rq5AaRuLzOxct8nz4T6wlgyUR7zLU309k9mBC768=",
        "owner": "nix-systems",
        "repo": "default",
        "rev": "da67096a3b9bf56a91d16901293e51ba5b49a27e",
        "type": "github"
      },
      "original": {
        "owner": "nix-systems",
        "repo": "default",
        "type": "github"
      }
    },
    "systems_2": {
      "locked": {
        "lastModified": 1681028828,
        "narHash": "sha256-Vy1rq5AaRuLzOxct8nz4T6wlgyUR7zLU309k9mBC768=",
        "owner": "nix-systems",
        "repo": "default",
        "rev": "da67096a3b9bf56a91d16901293e51ba5b49a27e",
        "type": "github"
      },
      "original": {
        "owner": "nix-systems",
        "repo": "default",
        "type": "github"
      }
    }
  },
  "root": "root",
  "version": 7
}
