{
  "nodes": {
    "flake-utils": {
      "inputs": {
        "systems": "systems"
      },
      "locked": {
        "lastModified": 1692799911,
        "narHash": "sha256-3eihraek4qL744EvQXsK1Ha6C3CR7nnT8X2qWap4RNk=",
        "owner": "numtide",
        "repo": "flake-utils",
        "rev": "f9e7cf818399d17d347f847525c5a5a8032e4e44",
        "type": "github"
      },
      "original": {
        "owner": "numtide",
        "repo": "flake-utils",
        "type": "github"
      }
    },
    "flake-utils_2": {
      "inputs": {
        "systems": "systems_2"
      },
      "locked": {
        "lastModified": 1685518550,
        "narHash": "sha256-o2d0KcvaXzTrPRIo0kOLV0/QXHhDQ5DTi+OxcjO8xqY=",
        "owner": "numtide",
        "repo": "flake-utils",
        "rev": "a1720a10a6cfe8234c0e93907ffe81be440f4cef",
        "type": "github"
      },
      "original": {
        "owner": "numtide",
        "repo": "flake-utils",
        "type": "github"
      }
    },
    "neovim-flake": {
      "inputs": {
        "flake-utils": "flake-utils_2",
        "nixpkgs": [
          "nixpkgs"
        ]
      },
      "locked": {
        "dir": "contrib",
        "lastModified": 1693567865,
        "narHash": "sha256-t5YdkOe8pTJ9D7yfYq/b+dyqnYa8CkAXDviFuome7G0=",
        "owner": "neovim",
        "repo": "neovim",
        "rev": "597355deae2ebddcb8b930da9a8b45a65d05d09b",
        "type": "github"
      },
      "original": {
        "dir": "contrib",
        "owner": "neovim",
        "repo": "neovim",
        "type": "github"
      }
    },
    "nixpkgs": {
      "locked": {
        "lastModified": 1693471703,
        "narHash": "sha256-0l03ZBL8P1P6z8MaSDS/MvuU8E75rVxe5eE1N6gxeTo=",
        "owner": "NixOS",
        "repo": "nixpkgs",
        "rev": "3e52e76b70d5508f3cec70b882a29199f4d1ee85",
        "type": "github"
      },
      "original": {
        "id": "nixpkgs",
        "ref": "nixos-unstable",
        "type": "indirect"
      }
    },
    "plugin:cmp-buffer": {
      "flake": false,
      "locked": {
        "lastModified": 1660101488,
        "narHash": "sha256-dG4U7MtnXThoa/PD+qFtCt76MQ14V1wX8GMYcvxEnbM=",
        "owner": "hrsh7th",
        "repo": "cmp-buffer",
        "rev": "3022dbc9166796b644a841a02de8dd1cc1d311fa",
        "type": "github"
      },
      "original": {
        "owner": "hrsh7th",
        "repo": "cmp-buffer",
        "type": "github"
      }
    },
    "plugin:cmp-cmdline": {
      "flake": false,
      "locked": {
        "lastModified": 1686243464,
        "narHash": "sha256-W8v/XhPjbvKSwCrfOAPihO2N9PEVnH5Cp/Fa25lNRw4=",
        "owner": "hrsh7th",
        "repo": "cmp-cmdline",
        "rev": "8ee981b4a91f536f52add291594e89fb6645e451",
        "type": "github"
      },
      "original": {
        "owner": "hrsh7th",
        "repo": "cmp-cmdline",
        "type": "github"
      }
    },
    "plugin:cmp-nvim": {
      "flake": false,
      "locked": {
        "lastModified": 1693063902,
        "narHash": "sha256-WGck3By9GhnBUmzLGi2wnKjDreQx5kBOmHCbC5BZhfo=",
        "owner": "hrsh7th",
        "repo": "nvim-cmp",
        "rev": "5dce1b778b85c717f6614e3f4da45e9f19f54435",
        "type": "github"
      },
      "original": {
        "owner": "hrsh7th",
        "repo": "nvim-cmp",
        "type": "github"
      }
    },
    "plugin:cmp-nvim-lsp": {
      "flake": false,
      "locked": {
        "lastModified": 1687494203,
        "narHash": "sha256-mU0soCz79erJXMMqD/FyrJZ0mu2n6fE0deymPzQlxts=",
        "owner": "hrsh7th",
        "repo": "cmp-nvim-lsp",
        "rev": "44b16d11215dce86f253ce0c30949813c0a90765",
        "type": "github"
      },
      "original": {
        "owner": "hrsh7th",
        "repo": "cmp-nvim-lsp",
        "type": "github"
      }
    },
    "plugin:cmp-nvim-lua": {
      "flake": false,
      "locked": {
        "lastModified": 1681458603,
        "narHash": "sha256-6eXOK1mVK06TN1akhN42Bo4wQpeen3rk3b/m7iVmGKM=",
        "owner": "hrsh7th",
        "repo": "cmp-nvim-lua",
        "rev": "f12408bdb54c39c23e67cab726264c10db33ada8",
        "type": "github"
      },
      "original": {
        "owner": "hrsh7th",
        "repo": "cmp-nvim-lua",
        "type": "github"
      }
    },
    "plugin:cmp-path": {
      "flake": false,
      "locked": {
        "lastModified": 1664784283,
        "narHash": "sha256-thppiiV3wjIaZnAXmsh7j3DUc6ceSCvGzviwFUnoPaI=",
        "owner": "hrsh7th",
        "repo": "cmp-path",
        "rev": "91ff86cd9c29299a64f968ebb45846c485725f23",
        "type": "github"
      },
      "original": {
        "owner": "hrsh7th",
        "repo": "cmp-path",
        "type": "github"
      }
    },
    "plugin:cmp_luasnip": {
      "flake": false,
      "locked": {
        "lastModified": 1666943769,
        "narHash": "sha256-Z5SPy3j2oHFxJ7bK8DP8Q/oRyLEMlnWyIfDaQcNVIS0=",
        "owner": "saadparwaiz1",
        "repo": "cmp_luasnip",
        "rev": "18095520391186d634a0045dacaa346291096566",
        "type": "github"
      },
      "original": {
        "owner": "saadparwaiz1",
        "repo": "cmp_luasnip",
        "type": "github"
      }
    },
    "plugin:friendly-snippets": {
      "flake": false,
      "locked": {
        "lastModified": 1693171884,
        "narHash": "sha256-BWB14J4NaKapL+N5I4vYYgsHvN4C/Z6heN1h0Snszb4=",
        "owner": "rafamadriz",
        "repo": "friendly-snippets",
        "rev": "00e191fea2cfbbdd378243f35b5953296537a116",
        "type": "github"
      },
      "original": {
        "owner": "rafamadriz",
        "repo": "friendly-snippets",
        "type": "github"
      }
    },
    "plugin:glow": {
      "flake": false,
      "locked": {
        "lastModified": 1693233815,
        "narHash": "sha256-vdlwkIK2EkFviJmSiOqPWvc15xqJ9F2gHCC4ObJ5Qjk=",
        "owner": "ellisonleao",
        "repo": "glow.nvim",
        "rev": "5b38fb7b6e806cac62707a4aba8c10c5f14d5bb5",
        "type": "github"
      },
      "original": {
        "owner": "ellisonleao",
        "repo": "glow.nvim",
        "type": "github"
      }
    },
    "plugin:go.nvim": {
      "flake": false,
      "locked": {
        "lastModified": 1693017064,
        "narHash": "sha256-pJBs9h5CxzpdHaRDrhvdAIh2S5DXlRJMUcmnP5O/eUw=",
        "owner": "ray-x",
        "repo": "go.nvim",
        "rev": "c9acdf488d324ac5d86febe522a5d3a0310a4c76",
        "type": "github"
      },
      "original": {
        "owner": "ray-x",
        "repo": "go.nvim",
        "type": "github"
      }
    },
    "plugin:lazygit": {
      "flake": false,
      "locked": {
        "lastModified": 1691381222,
        "narHash": "sha256-Ni2J+Jcx1QhRsPBjWrNUxlk6z4xo+3svcIrQls6t5v4=",
        "owner": "kdheepak",
        "repo": "lazygit.nvim",
        "rev": "22e51e03268fabe068a77e2bd316ac25ff2084f9",
        "type": "github"
      },
      "original": {
        "owner": "kdheepak",
        "repo": "lazygit.nvim",
        "type": "github"
      }
    },
    "plugin:luasnip": {
      "flake": false,
      "locked": {
        "lastModified": 1693503191,
        "narHash": "sha256-d/P1PO/VUuIXNQx2QKDDQpeEvpL8Ut5TjolksD2Fb6o=",
        "owner": "L3MON4D3",
        "repo": "LuaSnip",
        "rev": "ea7d7ea510c641c4f15042becd27f35b3e5b3c2b",
        "type": "github"
      },
      "original": {
        "owner": "L3MON4D3",
        "repo": "LuaSnip",
        "type": "github"
      }
    },
    "plugin:neodev": {
      "flake": false,
      "locked": {
        "lastModified": 1693116309,
        "narHash": "sha256-zYOiTLz7U+zzr+Xm8Wxn/zs7ulsE5LgEclFISmG9m9Y=",
        "owner": "folke",
        "repo": "neodev.nvim",
        "rev": "183f5a7357397260b631d6cccceccc3621b50f78",
        "type": "github"
      },
      "original": {
        "owner": "folke",
        "repo": "neodev.nvim",
        "type": "github"
      }
    },
    "plugin:neovim-tree": {
      "flake": false,
      "locked": {
        "lastModified": 1693025078,
        "narHash": "sha256-J5Ggqsmc24VbA0Y1OMeSpL7rKWgtKjBfJIsSFs3WzzI=",
        "owner": "nvim-tree",
        "repo": "nvim-tree.lua",
        "rev": "00741206c2df9c4b538055def19b99790f0c95c8",
        "type": "github"
      },
      "original": {
        "owner": "nvim-tree",
        "repo": "nvim-tree.lua",
        "type": "github"
      }
    },
    "plugin:nickel": {
      "flake": false,
      "locked": {
        "lastModified": 1688572811,
        "narHash": "sha256-GUJ8vSZTI/cO/4GMyfCi1JTOPI2w67dglKgwsxASVhA=",
        "owner": "nickel-lang",
        "repo": "vim-nickel",
        "rev": "535196c1e6b77e05f31a5ba50a5eaef393bbf280",
        "type": "github"
      },
      "original": {
        "owner": "nickel-lang",
        "repo": "vim-nickel",
        "type": "github"
      }
    },
    "plugin:nvim-dap": {
      "flake": false,
      "locked": {
        "lastModified": 1693474167,
        "narHash": "sha256-i63RiaB1Io3C/EiI24Cxada9FoVF07WxaXtCA/W6puo=",
        "owner": "mfussenegger",
        "repo": "nvim-dap",
        "rev": "31e1ece773e10448dcb616d5144290946a6264b7",
        "type": "github"
      },
      "original": {
        "owner": "mfussenegger",
        "repo": "nvim-dap",
        "type": "github"
      }
    },
    "plugin:nvim-lspconfig": {
      "flake": false,
      "locked": {
        "lastModified": 1693009222,
        "narHash": "sha256-JYhEKTD51Ey9ksy8tpsJn2ZjxdW4dwjtuqD/1BI8uJ8=",
        "owner": "neovim",
        "repo": "nvim-lspconfig",
        "rev": "a27356f1ef9c11e1f459cc96a3fcac5c265e72d6",
        "type": "github"
      },
      "original": {
        "owner": "neovim",
        "repo": "nvim-lspconfig",
        "type": "github"
      }
    },
    "plugin:ocaml.nvim": {
      "flake": false,
      "locked": {
        "lastModified": 1693430215,
        "narHash": "sha256-zwjxoaibBKm7CN9PFq5YnnHq93Vs/odvBuAffb3V69U=",
        "owner": "tjdevries",
        "repo": "ocaml.nvim",
        "rev": "53df6f15b7a2a7017031006f9d4a833e2e50c884",
        "type": "github"
      },
      "original": {
        "owner": "tjdevries",
        "repo": "ocaml.nvim",
        "type": "github"
      }
    },
    "plugin:onedark-vim": {
      "flake": false,
      "locked": {
        "lastModified": 1689744943,
        "narHash": "sha256-rt/VKABAfxyFBKNerZiswWDaBrusrn7WaI1jHbn3I/s=",
        "owner": "joshdick",
        "repo": "onedark.vim",
        "rev": "57b77747694ea5676c3ca0eeaf9567dc499730c0",
        "type": "github"
      },
      "original": {
        "owner": "joshdick",
        "repo": "onedark.vim",
        "type": "github"
      }
    },
    "plugin:plenary": {
      "flake": false,
      "locked": {
        "lastModified": 1692890974,
        "narHash": "sha256-TcjgafIbwNXxoAO5wrf/Wr6sZHJtfpHU9R7RIjBZgkg=",
        "owner": "nvim-lua",
        "repo": "plenary.nvim",
        "rev": "0dbe561ae023f02c2fb772b879e905055b939ce3",
        "type": "github"
      },
      "original": {
        "owner": "nvim-lua",
        "repo": "plenary.nvim",
        "type": "github"
      }
    },
    "plugin:rust-lsp": {
      "flake": false,
      "locked": {
        "lastModified": 1689033186,
        "narHash": "sha256-jtfyDxifchznUupLSao6nmpVqaX1yO0xN+NhqS9fgxg=",
        "owner": "simrat39",
        "repo": "rust-tools.nvim",
        "rev": "0cc8adab23117783a0292a0c8a2fbed1005dc645",
        "type": "github"
      },
      "original": {
        "owner": "simrat39",
        "repo": "rust-tools.nvim",
        "type": "github"
      }
    },
    "plugin:tagbar": {
      "flake": false,
      "locked": {
        "lastModified": 1692130904,
        "narHash": "sha256-d1gSzIl4YrxLya3MIoUEA2m6p+2RjBwiE0iATJHR5zE=",
        "owner": "preservim",
        "repo": "tagbar",
        "rev": "402e3e117fc7b47e43dbb87c51064daae3bc3bf3",
        "type": "github"
      },
      "original": {
        "owner": "preservim",
        "repo": "tagbar",
        "type": "github"
      }
    },
    "plugin:telescope-plugin": {
      "flake": false,
      "locked": {
        "lastModified": 1682606566,
        "narHash": "sha256-H6lrPjpOUVleKHB0ziI+6dthg9ymitHhEWtcgYJTrKo=",
        "owner": "nvim-telescope",
        "repo": "telescope-project.nvim",
        "rev": "7c64b181dd4e72deddcf6f319e3bf1e95b2a2f30",
        "type": "github"
      },
      "original": {
        "owner": "nvim-telescope",
        "repo": "telescope-project.nvim",
        "type": "github"
      }
    },
    "plugin:telescope-plugin-vimwiki": {
      "flake": false,
      "locked": {
        "lastModified": 1650393779,
        "narHash": "sha256-46N1vMSu1UuzPFFe6Yt39s3xlKPOTErhPJbfaBQgq7g=",
        "owner": "ElPiloto",
        "repo": "telescope-vimwiki.nvim",
        "rev": "13a83b6107da17af9eb8a1d8e0fe49e1004dfeb4",
        "type": "github"
      },
      "original": {
        "owner": "ElPiloto",
        "repo": "telescope-vimwiki.nvim",
        "type": "github"
      }
    },
    "plugin:telescope.nvim": {
      "flake": false,
      "locked": {
        "lastModified": 1693416810,
        "narHash": "sha256-RK4UCZTM318VN/rvpdt2NHQAKBB/9g7jwqFIHQOoqqk=",
        "owner": "nvim-telescope",
        "repo": "telescope.nvim",
        "rev": "2c1ed33a6f6f2db3b69f5421f6b405eda1b07748",
        "type": "github"
      },
      "original": {
        "owner": "nvim-telescope",
        "repo": "telescope.nvim",
        "type": "github"
      }
    },
    "plugin:toggleterm": {
      "flake": false,
      "locked": {
        "lastModified": 1691051828,
        "narHash": "sha256-VFTnDLGy8U3x5ldMUW6okQjQ78qEFPb1n3pcbS2znNY=",
        "owner": "akinsho",
        "repo": "toggleterm.nvim",
        "rev": "12cba0a1967b4f3f31903484dec72a6100dcf515",
        "type": "github"
      },
      "original": {
        "owner": "akinsho",
        "repo": "toggleterm.nvim",
        "type": "github"
      }
    },
    "plugin:tree-sitter": {
      "flake": false,
      "locked": {
        "lastModified": 1693552748,
        "narHash": "sha256-NyLtQqPo0PUn7z4LWaCFZn2cbFEVel8AYUGNd4LJYxg=",
        "owner": "nvim-treesitter",
        "repo": "nvim-treesitter",
        "rev": "691d73287a94e8ed82a383df82aabfe77ab4bcaa",
        "type": "github"
      },
      "original": {
        "owner": "nvim-treesitter",
        "repo": "nvim-treesitter",
        "type": "github"
      }
    },
    "plugin:trouble.nvim": {
      "flake": false,
      "locked": {
        "lastModified": 1693380004,
        "narHash": "sha256-3dielW+Y+Rpt/sotZjk8tYHhYTlSrYHS5AILdytyNVA=",
        "owner": "folke",
        "repo": "trouble.nvim",
        "rev": "3f85d8ed30e97ceeddbbcf80224245d347053711",
        "type": "github"
      },
      "original": {
        "owner": "folke",
        "repo": "trouble.nvim",
        "type": "github"
      }
    },
    "plugin:vim-be-good": {
      "flake": false,
      "locked": {
        "lastModified": 1667916364,
        "narHash": "sha256-lJNY/5dONZLkxSEegrwtZ6PHYsgMD3nZkbxm6fFq3vY=",
        "owner": "ThePrimeagen",
        "repo": "vim-be-good",
        "rev": "c290810728a4f75e334b07dc0f3a4cdea908d351",
        "type": "github"
      },
      "original": {
        "owner": "ThePrimeagen",
        "repo": "vim-be-good",
        "type": "github"
      }
    },
    "plugin:vim-commentary": {
      "flake": false,
      "locked": {
        "lastModified": 1667247706,
        "narHash": "sha256-wPNAXFC3rgYJ1YkyyMqfUxiiozNldrk5ifpNHhNifyY=",
        "owner": "tpope",
        "repo": "vim-commentary",
        "rev": "e87cd90dc09c2a203e13af9704bd0ef79303d755",
        "type": "github"
      },
      "original": {
        "owner": "tpope",
        "repo": "vim-commentary",
        "type": "github"
      }
    },
    "plugin:vim-nix": {
      "flake": false,
      "locked": {
        "lastModified": 1690632691,
        "narHash": "sha256-x6/WNMWFbR/1uLAeMawlwmp4b1ak+YRWu7abwx+9TRs=",
        "owner": "LnL7",
        "repo": "vim-nix",
        "rev": "1e8d3cc4d74f40fb384cd1739739543fe117ff61",
        "type": "github"
      },
      "original": {
        "owner": "LnL7",
        "repo": "vim-nix",
        "type": "github"
      }
    },
    "plugin:vimwiki": {
      "flake": false,
      "locked": {
        "lastModified": 1690806455,
        "narHash": "sha256-xM2b5upWYvLV8eK6quGxoJEWUuGO8ccGbVwIn/KmcK4=",
        "owner": "vimwiki",
        "repo": "vimwiki",
        "rev": "f0fe154ede6b11e3db9b058b930005a056a3d1c6",
        "type": "github"
      },
      "original": {
        "owner": "vimwiki",
        "repo": "vimwiki",
        "type": "github"
      }
    },
    "plugin:webdev-icons": {
      "flake": false,
      "locked": {
        "lastModified": 1692224430,
        "narHash": "sha256-6iuZbUi7MA69/wIMijCWj3J1s2RrCWKxQ/l7fWDnOF0=",
        "owner": "nvim-tree",
        "repo": "nvim-web-devicons",
        "rev": "cfc8824cc1db316a276b36517f093baccb8e799a",
        "type": "github"
      },
      "original": {
        "owner": "nvim-tree",
        "repo": "nvim-web-devicons",
        "type": "github"
      }
    },
    "plugin:which-key": {
      "flake": false,
      "locked": {
        "lastModified": 1690570286,
        "narHash": "sha256-B1+EHd2eH/EbD5Kip9PfhdPyyGfIkD6rsx0Z3rXvb5w=",
        "owner": "folke",
        "repo": "which-key.nvim",
        "rev": "7ccf476ebe0445a741b64e36c78a682c1c6118b7",
        "type": "github"
      },
      "original": {
        "owner": "folke",
        "repo": "which-key.nvim",
        "type": "github"
      }
    },
    "root": {
      "inputs": {
        "flake-utils": "flake-utils",
        "neovim-flake": "neovim-flake",
        "nixpkgs": "nixpkgs",
        "plugin:cmp-buffer": "plugin:cmp-buffer",
        "plugin:cmp-cmdline": "plugin:cmp-cmdline",
        "plugin:cmp-nvim": "plugin:cmp-nvim",
        "plugin:cmp-nvim-lsp": "plugin:cmp-nvim-lsp",
        "plugin:cmp-nvim-lua": "plugin:cmp-nvim-lua",
        "plugin:cmp-path": "plugin:cmp-path",
        "plugin:cmp_luasnip": "plugin:cmp_luasnip",
        "plugin:friendly-snippets": "plugin:friendly-snippets",
        "plugin:glow": "plugin:glow",
        "plugin:go.nvim": "plugin:go.nvim",
        "plugin:lazygit": "plugin:lazygit",
        "plugin:luasnip": "plugin:luasnip",
        "plugin:neodev": "plugin:neodev",
        "plugin:neovim-tree": "plugin:neovim-tree",
        "plugin:nickel": "plugin:nickel",
        "plugin:nvim-dap": "plugin:nvim-dap",
        "plugin:nvim-lspconfig": "plugin:nvim-lspconfig",
        "plugin:ocaml.nvim": "plugin:ocaml.nvim",
        "plugin:onedark-vim": "plugin:onedark-vim",
        "plugin:plenary": "plugin:plenary",
        "plugin:rust-lsp": "plugin:rust-lsp",
        "plugin:tagbar": "plugin:tagbar",
        "plugin:telescope-plugin": "plugin:telescope-plugin",
        "plugin:telescope-plugin-vimwiki": "plugin:telescope-plugin-vimwiki",
        "plugin:telescope.nvim": "plugin:telescope.nvim",
        "plugin:toggleterm": "plugin:toggleterm",
        "plugin:tree-sitter": "plugin:tree-sitter",
        "plugin:trouble.nvim": "plugin:trouble.nvim",
        "plugin:vim-be-good": "plugin:vim-be-good",
        "plugin:vim-commentary": "plugin:vim-commentary",
        "plugin:vim-nix": "plugin:vim-nix",
        "plugin:vimwiki": "plugin:vimwiki",
        "plugin:webdev-icons": "plugin:webdev-icons",
        "plugin:which-key": "plugin:which-key"
      }
    },
    "systems": {
      "locked": {
        "lastModified": 1681028828,
        "narHash": "sha256-Vy1rq5AaRuLzOxct8nz4T6wlgyUR7zLU309k9mBC768=",
        "owner": "nix-systems",
        "repo": "default",
        "rev": "da67096a3b9bf56a91d16901293e51ba5b49a27e",
        "type": "github"
      },
      "original": {
        "owner": "nix-systems",
        "repo": "default",
        "type": "github"
      }
    },
    "systems_2": {
      "locked": {
        "lastModified": 1681028828,
        "narHash": "sha256-Vy1rq5AaRuLzOxct8nz4T6wlgyUR7zLU309k9mBC768=",
        "owner": "nix-systems",
        "repo": "default",
        "rev": "da67096a3b9bf56a91d16901293e51ba5b49a27e",
        "type": "github"
      },
      "original": {
        "owner": "nix-systems",
        "repo": "default",
        "type": "github"
      }
    }
  },
  "root": "root",
  "version": 7
}
