{
  "nodes": {
    "flake-utils": {
      "inputs": {
        "systems": "systems"
      },
      "locked": {
        "lastModified": 1685518550,
        "narHash": "sha256-o2d0KcvaXzTrPRIo0kOLV0/QXHhDQ5DTi+OxcjO8xqY=",
        "owner": "numtide",
        "repo": "flake-utils",
        "rev": "a1720a10a6cfe8234c0e93907ffe81be440f4cef",
        "type": "github"
      },
      "original": {
        "owner": "numtide",
        "repo": "flake-utils",
        "type": "github"
      }
    },
    "flake-utils_2": {
      "inputs": {
        "systems": "systems_2"
      },
      "locked": {
        "lastModified": 1685518550,
        "narHash": "sha256-o2d0KcvaXzTrPRIo0kOLV0/QXHhDQ5DTi+OxcjO8xqY=",
        "owner": "numtide",
        "repo": "flake-utils",
        "rev": "a1720a10a6cfe8234c0e93907ffe81be440f4cef",
        "type": "github"
      },
      "original": {
        "owner": "numtide",
        "repo": "flake-utils",
        "type": "github"
      }
    },
    "neovim-flake": {
      "inputs": {
        "flake-utils": "flake-utils_2",
        "nixpkgs": [
          "nixpkgs"
        ]
      },
      "locked": {
        "dir": "contrib",
        "lastModified": 1686878441,
        "narHash": "sha256-yZdWo5OJdOw/MnyfvWDR04yHL7VZQLwEjaJvTCiBqaQ=",
        "owner": "neovim",
        "repo": "neovim",
        "rev": "8376e8700b3d4f8ab96751612c3f4439a43b06f4",
        "type": "github"
      },
      "original": {
        "dir": "contrib",
        "owner": "neovim",
        "repo": "neovim",
        "type": "github"
      }
    },
    "nixpkgs": {
      "locked": {
        "lastModified": 1686776226,
        "narHash": "sha256-o6WbKvENj98QJz9Mco6T6SZGrjPewMDAFyKg0Lp8avU=",
        "owner": "NixOS",
        "repo": "nixpkgs",
        "rev": "0d2cf7fe5fa05d5271a15a8933414ee0a1570648",
        "type": "github"
      },
      "original": {
        "id": "nixpkgs",
        "ref": "nixos-unstable",
        "type": "indirect"
      }
    },
    "plugin:cmp-buffer": {
      "flake": false,
      "locked": {
        "lastModified": 1660101488,
        "narHash": "sha256-dG4U7MtnXThoa/PD+qFtCt76MQ14V1wX8GMYcvxEnbM=",
        "owner": "sar",
        "repo": "cmp-buffer.nvim",
        "rev": "3022dbc9166796b644a841a02de8dd1cc1d311fa",
        "type": "github"
      },
      "original": {
        "owner": "sar",
        "repo": "cmp-buffer.nvim",
        "type": "github"
      }
    },
    "plugin:cmp-cmdline": {
      "flake": false,
      "locked": {
        "lastModified": 1686243464,
        "narHash": "sha256-W8v/XhPjbvKSwCrfOAPihO2N9PEVnH5Cp/Fa25lNRw4=",
        "owner": "hrsh7th",
        "repo": "cmp-cmdline",
        "rev": "8ee981b4a91f536f52add291594e89fb6645e451",
        "type": "github"
      },
      "original": {
        "owner": "hrsh7th",
        "repo": "cmp-cmdline",
        "type": "github"
      }
    },
    "plugin:cmp-nvim": {
      "flake": false,
      "locked": {
        "lastModified": 1686457279,
        "narHash": "sha256-mGRJy5fmGEuJD9jJhNNIW+J7juWPBLqHwlD81di/A/Y=",
        "owner": "hrsh7th",
        "repo": "nvim-cmp",
        "rev": "b8c2a62b3bd3827aa059b43be3dd4b5c45037d65",
        "type": "github"
      },
      "original": {
        "owner": "hrsh7th",
        "repo": "nvim-cmp",
        "type": "github"
      }
    },
    "plugin:cmp-nvim-lsp": {
      "flake": false,
      "locked": {
        "lastModified": 1675708067,
        "narHash": "sha256-DxpcPTBlvVP88PDoTheLV2fC76EXDqS2UpM5mAfj/D4=",
        "owner": "hrsh7th",
        "repo": "cmp-nvim-lsp",
        "rev": "0e6b2ed705ddcff9738ec4ea838141654f12eeef",
        "type": "github"
      },
      "original": {
        "owner": "hrsh7th",
        "repo": "cmp-nvim-lsp",
        "type": "github"
      }
    },
    "plugin:cmp-nvim-lua": {
      "flake": false,
      "locked": {
        "lastModified": 1681458603,
        "narHash": "sha256-6eXOK1mVK06TN1akhN42Bo4wQpeen3rk3b/m7iVmGKM=",
        "owner": "hrsh7th",
        "repo": "cmp-nvim-lua",
        "rev": "f12408bdb54c39c23e67cab726264c10db33ada8",
        "type": "github"
      },
      "original": {
        "owner": "hrsh7th",
        "repo": "cmp-nvim-lua",
        "type": "github"
      }
    },
    "plugin:cmp-path": {
      "flake": false,
      "locked": {
        "lastModified": 1664784283,
        "narHash": "sha256-thppiiV3wjIaZnAXmsh7j3DUc6ceSCvGzviwFUnoPaI=",
        "owner": "hrsh7th",
        "repo": "cmp-path",
        "rev": "91ff86cd9c29299a64f968ebb45846c485725f23",
        "type": "github"
      },
      "original": {
        "owner": "hrsh7th",
        "repo": "cmp-path",
        "type": "github"
      }
    },
    "plugin:cmp_luasnip": {
      "flake": false,
      "locked": {
        "lastModified": 1666943769,
        "narHash": "sha256-Z5SPy3j2oHFxJ7bK8DP8Q/oRyLEMlnWyIfDaQcNVIS0=",
        "owner": "saadparwaiz1",
        "repo": "cmp_luasnip",
        "rev": "18095520391186d634a0045dacaa346291096566",
        "type": "github"
      },
      "original": {
        "owner": "saadparwaiz1",
        "repo": "cmp_luasnip",
        "type": "github"
      }
    },
    "plugin:easyread.nvim": {
      "flake": false,
      "locked": {
        "lastModified": 1682184033,
        "narHash": "sha256-RSk/KViWw48IX0NcC5hW4IGawZ6prBYxPa/kXPN4KSI=",
        "owner": "JellyApple102",
        "repo": "easyread.nvim",
        "rev": "0b07e315a4cd7d700c4a794bdddbec79fdc2628b",
        "type": "github"
      },
      "original": {
        "owner": "JellyApple102",
        "repo": "easyread.nvim",
        "type": "github"
      }
    },
    "plugin:fmt": {
      "flake": false,
      "locked": {
        "lastModified": 1669345334,
        "narHash": "sha256-UeeM+rHDjsZS27L2Orh+doB6eo6YNV8gb0yLs0PjkLA=",
        "owner": "lukas-reineke",
        "repo": "lsp-format.nvim",
        "rev": "ca0df5c8544e51517209ea7b86ecc522c98d4f0a",
        "type": "github"
      },
      "original": {
        "owner": "lukas-reineke",
        "repo": "lsp-format.nvim",
        "type": "github"
      }
    },
    "plugin:fugitive": {
      "flake": false,
      "locked": {
        "lastModified": 1686612451,
        "narHash": "sha256-gK9qJnBRpc2n0ED6w2GEx9Exrtw4R0jIwnevI1r0M2k=",
        "owner": "tpope",
        "repo": "vim-fugitive",
        "rev": "43f18ab9155c853a84ded560c6104e6300ad41da",
        "type": "github"
      },
      "original": {
        "owner": "tpope",
        "repo": "vim-fugitive",
        "type": "github"
      }
    },
    "plugin:gitsigns": {
      "flake": false,
      "locked": {
        "lastModified": 1686931061,
        "narHash": "sha256-dKPIU6XcglQfiPV5aOnBvqYn80PHZUlUnOs43KvEt/c=",
        "owner": "lewis6991",
        "repo": "gitsigns.nvim",
        "rev": "256569c2fe697a3003dbd49ff474e5935af9066c",
        "type": "github"
      },
      "original": {
        "owner": "lewis6991",
        "repo": "gitsigns.nvim",
        "type": "github"
      }
    },
    "plugin:glow": {
      "flake": false,
      "locked": {
        "lastModified": 1683307046,
        "narHash": "sha256-xH/PDx7u+fTX2a4hbbp4EQrmS9y/BHYHMXVbG07rh44=",
        "owner": "ellisonleao",
        "repo": "glow.nvim",
        "rev": "bbd0473d72a45094495ee5600b5577823543eefe",
        "type": "github"
      },
      "original": {
        "owner": "ellisonleao",
        "repo": "glow.nvim",
        "type": "github"
      }
    },
    "plugin:go.nvim": {
      "flake": false,
      "locked": {
        "lastModified": 1686211279,
        "narHash": "sha256-6pw5wFyxqvhcm9YM4jk5f3BWEWlMZJXGhKSWg6T/Qbg=",
        "owner": "ray-x",
        "repo": "go.nvim",
        "rev": "a8095eb334495caec3099b717cc7f5b1fbc3e628",
        "type": "github"
      },
      "original": {
        "owner": "ray-x",
        "repo": "go.nvim",
        "type": "github"
      }
    },
    "plugin:js-is-bad": {
      "flake": false,
      "locked": {
        "lastModified": 1660550919,
        "narHash": "sha256-dvXoymyoBse3MLwdDYxASYEPFGnAs16OK+6J8hOQQEA=",
        "owner": "pangloss",
        "repo": "vim-javascript",
        "rev": "c470ce1399a544fe587eab950f571c83cccfbbdc",
        "type": "github"
      },
      "original": {
        "owner": "pangloss",
        "repo": "vim-javascript",
        "type": "github"
      }
    },
    "plugin:lazygit": {
      "flake": false,
      "locked": {
        "lastModified": 1685834046,
        "narHash": "sha256-KQ/ZWqI0swUZoe7xaCLkgPn5Djr0hMxo3xGet+fLGPE=",
        "owner": "kdheepak",
        "repo": "lazygit.nvim",
        "rev": "3466e48439601445e26c65635421625886f2d0c0",
        "type": "github"
      },
      "original": {
        "owner": "kdheepak",
        "repo": "lazygit.nvim",
        "type": "github"
      }
    },
    "plugin:lualine": {
      "flake": false,
      "locked": {
        "lastModified": 1683213422,
        "narHash": "sha256-ltHE8UIquGo07BSlFGM1l3wmTNN43i8kx6QY7Fj2CNo=",
        "owner": "nvim-lualine",
        "repo": "lualine.nvim",
        "rev": "05d78e9fd0cdfb4545974a5aa14b1be95a86e9c9",
        "type": "github"
      },
      "original": {
        "owner": "nvim-lualine",
        "repo": "lualine.nvim",
        "type": "github"
      }
    },
    "plugin:luasnip": {
      "flake": false,
      "locked": {
        "lastModified": 1686912282,
        "narHash": "sha256-xc4Oz2hjl/QfHYQUUYPLdu6ONOEuawwy9IZpVxjnDpc=",
        "owner": "L3MON4D3",
        "repo": "LuaSnip",
        "rev": "4964cd11e19de4671189b97de37f3c4930d43191",
        "type": "github"
      },
      "original": {
        "owner": "L3MON4D3",
        "repo": "LuaSnip",
        "type": "github"
      }
    },
    "plugin:markdown-preview": {
      "flake": false,
      "locked": {
        "lastModified": 1652448059,
        "narHash": "sha256-e1Buvu/lkEt9V5LVDFKWTasnSX6EdtRgWyVDZA8LpUE=",
        "owner": "iamcco",
        "repo": "markdown-preview.nvim",
        "rev": "02cc3874738bc0f86e4b91f09b8a0ac88aef8e96",
        "type": "github"
      },
      "original": {
        "owner": "iamcco",
        "repo": "markdown-preview.nvim",
        "type": "github"
      }
    },
    "plugin:md-headers.nvim": {
      "flake": false,
      "locked": {
        "lastModified": 1673080583,
        "narHash": "sha256-MqYb4dSk6/uwVwtQ6/93mhehwXPHhXY7t3Uyf5CRnww=",
        "owner": "AntonVanAssche",
        "repo": "md-headers.nvim",
        "rev": "688b5de7ec1ea209044290a8f3d940341db57113",
        "type": "github"
      },
      "original": {
        "owner": "AntonVanAssche",
        "repo": "md-headers.nvim",
        "type": "github"
      }
    },
    "plugin:mkdnflow.nvim": {
      "flake": false,
      "locked": {
        "lastModified": 1680474378,
        "narHash": "sha256-M85FZ1gLplVOF3hKaTAJzSXqqrbKDLburmW8T2eXncY=",
        "owner": "jakewvincent",
        "repo": "mkdnflow.nvim",
        "rev": "5a9768fe09c614600fd2881f29c5cedf931f3e36",
        "type": "github"
      },
      "original": {
        "owner": "jakewvincent",
        "repo": "mkdnflow.nvim",
        "type": "github"
      }
    },
    "plugin:neogit": {
      "flake": false,
      "locked": {
        "lastModified": 1686318130,
        "narHash": "sha256-Wid1gKch3aHO97qklic3feqz+tfcz+WhG400s6CQzhk=",
        "owner": "TimUntersberger",
        "repo": "neogit",
        "rev": "68a3e90e9d1ed9e362317817851d0f34b19e426b",
        "type": "github"
      },
      "original": {
        "owner": "TimUntersberger",
        "repo": "neogit",
        "type": "github"
      }
    },
    "plugin:neorg": {
      "flake": false,
      "locked": {
        "lastModified": 1686164224,
        "narHash": "sha256-AzubePJokJnbKg+fwKmk8nPzQgE6yyewHTFsfdPa7nU=",
        "owner": "nvim-neorg",
        "repo": "neorg",
        "rev": "9a55117b6175e63d86346bb893392cdf0b6ad2cc",
        "type": "github"
      },
      "original": {
        "owner": "nvim-neorg",
        "repo": "neorg",
        "type": "github"
      }
    },
    "plugin:neovim-dashboard": {
      "flake": false,
      "locked": {
        "lastModified": 1686720490,
        "narHash": "sha256-UDrUQUO9J6mjFBlCMYELuMff/VQCsFca0EFLyDpMsa4=",
        "owner": "glepnir",
        "repo": "dashboard-nvim",
        "rev": "ab84915f7cfd7bc7a5bfe7409c3eccf8d09c162a",
        "type": "github"
      },
      "original": {
        "owner": "glepnir",
        "repo": "dashboard-nvim",
        "type": "github"
      }
    },
    "plugin:neovim-tree": {
      "flake": false,
      "locked": {
        "lastModified": 1686549906,
        "narHash": "sha256-ETA2+lHPFuxM9czhp+HBPJlINkqkas6N3RhyLj/MhJw=",
        "owner": "nvim-tree",
        "repo": "nvim-tree.lua",
        "rev": "f873625d0636889af4cd47a01e486beb865db205",
        "type": "github"
      },
      "original": {
        "owner": "nvim-tree",
        "repo": "nvim-tree.lua",
        "type": "github"
      }
    },
    "plugin:nerdtree": {
      "flake": false,
      "locked": {
        "lastModified": 1655115046,
        "narHash": "sha256-8e+PlvG+x3lPqbhP4YpGtXcO0bPJC4EVJ3t6AjMU4ws=",
        "owner": "preservim",
        "repo": "nerdtree",
        "rev": "fc85a6f07c2cd694be93496ffad75be126240068",
        "type": "github"
      },
      "original": {
        "owner": "preservim",
        "repo": "nerdtree",
        "type": "github"
      }
    },
    "plugin:nickel": {
      "flake": false,
      "locked": {
        "lastModified": 1686651716,
        "narHash": "sha256-WzcW+SrvnPEbQsOAsINx1GBA3iGJsSEN1+VEJI6aKp4=",
        "owner": "nickel-lang",
        "repo": "vim-nickel",
        "rev": "78e8f0cb5ab2f12f02252caf163ea41027345711",
        "type": "github"
      },
      "original": {
        "owner": "nickel-lang",
        "repo": "vim-nickel",
        "type": "github"
      }
    },
    "plugin:nvim-autopairs": {
      "flake": false,
      "locked": {
        "lastModified": 1686701595,
        "narHash": "sha256-efby8qsgNMxQSD1idx7V9HT/9zEEKDE9+dNGOzIGuNM=",
        "owner": "windwp",
        "repo": "nvim-autopairs",
        "rev": "41803bdbf75569571f93fd4571f6c654635b1b46",
        "type": "github"
      },
      "original": {
        "owner": "windwp",
        "repo": "nvim-autopairs",
        "type": "github"
      }
    },
    "plugin:nvim-dap": {
      "flake": false,
      "locked": {
        "lastModified": 1686769308,
        "narHash": "sha256-eS0E8GKSPek1LnR9bDvBZ7BtOS4sb1psrGwMJXkyMjw=",
        "owner": "mfussenegger",
        "repo": "nvim-dap",
        "rev": "a6d48d23407fbad7a4c1451803b8f34cab31c441",
        "type": "github"
      },
      "original": {
        "owner": "mfussenegger",
        "repo": "nvim-dap",
        "type": "github"
      }
    },
    "plugin:nvim-lspconfig": {
      "flake": false,
      "locked": {
        "lastModified": 1686747753,
        "narHash": "sha256-arsehgVJP5tAzaPhf93xUAsg5PiVOjpbubyrmjRHL8g=",
        "owner": "neovim",
        "repo": "nvim-lspconfig",
        "rev": "295c646488d5baa63c6c4da68fe61171b9257375",
        "type": "github"
      },
      "original": {
        "owner": "neovim",
        "repo": "nvim-lspconfig",
        "type": "github"
      }
    },
    "plugin:onedark-vim": {
      "flake": false,
      "locked": {
        "lastModified": 1683066547,
        "narHash": "sha256-EOAOA+azZzqfU9e+pGpWHJXSrxCRtBETH4kl6r/75e0=",
        "owner": "joshdick",
        "repo": "onedark.vim",
        "rev": "4e983447f0442dba1629cdaeddfd137793d71d28",
        "type": "github"
      },
      "original": {
        "owner": "joshdick",
        "repo": "onedark.vim",
        "type": "github"
      }
    },
    "plugin:peek": {
      "flake": false,
      "locked": {
        "lastModified": 1680366895,
        "narHash": "sha256-CFUgGZLQk3NmnI0AfkQqxDw7e/uAc8Qk7jDmEAGxf9c=",
        "owner": "toppair",
        "repo": "peek.nvim",
        "rev": "67752e7581f88da6899838985a05705b008e4185",
        "type": "github"
      },
      "original": {
        "owner": "toppair",
        "repo": "peek.nvim",
        "type": "github"
      }
    },
    "plugin:plenary": {
      "flake": false,
      "locked": {
        "lastModified": 1686422044,
        "narHash": "sha256-q7cWcedN/BViNWpIFRdnvQrs60vQICmboqi9y+cRH2Q=",
        "owner": "nvim-lua",
        "repo": "plenary.nvim",
        "rev": "36aaceb6e93addd20b1b18f94d86aecc552f30c4",
        "type": "github"
      },
      "original": {
        "owner": "nvim-lua",
        "repo": "plenary.nvim",
        "type": "github"
      }
    },
    "plugin:rust-lsp": {
      "flake": false,
      "locked": {
        "lastModified": 1676929960,
        "narHash": "sha256-Cuk/vdoviB9ibt2rrkNRmNFy4S+6czhbExmIjTJRdZM=",
        "owner": "simrat39",
        "repo": "rust-tools.nvim",
        "rev": "71d2cf67b5ed120a0e31b2c8adb210dd2834242f",
        "type": "github"
      },
      "original": {
        "owner": "simrat39",
        "repo": "rust-tools.nvim",
        "type": "github"
      }
    },
    "plugin:tagbar": {
      "flake": false,
      "locked": {
        "lastModified": 1680705360,
        "narHash": "sha256-QQ79wURXG5ZlzaC+kC6ll8gn8ET4QWTVxxM1CXSbUVI=",
        "owner": "preservim",
        "repo": "tagbar",
        "rev": "be563539754b7af22bbe842ef217d4463f73468c",
        "type": "github"
      },
      "original": {
        "owner": "preservim",
        "repo": "tagbar",
        "type": "github"
      }
    },
    "plugin:telescope-plugin": {
      "flake": false,
      "locked": {
        "lastModified": 1682606566,
        "narHash": "sha256-H6lrPjpOUVleKHB0ziI+6dthg9ymitHhEWtcgYJTrKo=",
        "owner": "nvim-telescope",
        "repo": "telescope-project.nvim",
        "rev": "7c64b181dd4e72deddcf6f319e3bf1e95b2a2f30",
        "type": "github"
      },
      "original": {
        "owner": "nvim-telescope",
        "repo": "telescope-project.nvim",
        "type": "github"
      }
    },
    "plugin:telescope-plugin-vimwiki": {
      "flake": false,
      "locked": {
        "lastModified": 1650393779,
        "narHash": "sha256-46N1vMSu1UuzPFFe6Yt39s3xlKPOTErhPJbfaBQgq7g=",
        "owner": "ElPiloto",
        "repo": "telescope-vimwiki.nvim",
        "rev": "13a83b6107da17af9eb8a1d8e0fe49e1004dfeb4",
        "type": "github"
      },
      "original": {
        "owner": "ElPiloto",
        "repo": "telescope-vimwiki.nvim",
        "type": "github"
      }
    },
    "plugin:telescope.nvim": {
      "flake": false,
      "locked": {
        "lastModified": 1686622153,
        "narHash": "sha256-I5LUk572HuMqj/YitKlwkydI471jw2rH6XDbY/RjzX0=",
        "owner": "nvim-telescope",
        "repo": "telescope.nvim",
        "rev": "00cf15074a2997487813672a75f946d2ead95eb0",
        "type": "github"
      },
      "original": {
        "owner": "nvim-telescope",
        "repo": "telescope.nvim",
        "type": "github"
      }
    },
    "plugin:toggleterm": {
      "flake": false,
      "locked": {
        "lastModified": 1685434137,
        "narHash": "sha256-Qjhod1cmzAYuMl6Z0JlYtOq8CLdmQJ9esCwmynuzkYs=",
        "owner": "akinsho",
        "repo": "toggleterm.nvim",
        "rev": "cf146a267a6a7db62b1e2aff40414b20081048a1",
        "type": "github"
      },
      "original": {
        "owner": "akinsho",
        "repo": "toggleterm.nvim",
        "type": "github"
      }
    },
    "plugin:tree-sitter": {
      "flake": false,
      "locked": {
        "lastModified": 1686898601,
        "narHash": "sha256-DoT3CDUc47A1mFPsy6WiSJyD4ZkTa3oilEJbIj/W+OY=",
        "owner": "nvim-treesitter",
        "repo": "nvim-treesitter",
        "rev": "150a4c9fa4743b9af7b95f68746778394ce2ac93",
        "type": "github"
      },
      "original": {
        "owner": "nvim-treesitter",
        "repo": "nvim-treesitter",
        "type": "github"
      }
    },
    "plugin:vim-be-good": {
      "flake": false,
      "locked": {
        "lastModified": 1667916364,
        "narHash": "sha256-lJNY/5dONZLkxSEegrwtZ6PHYsgMD3nZkbxm6fFq3vY=",
        "owner": "ThePrimeagen",
        "repo": "vim-be-good",
        "rev": "c290810728a4f75e334b07dc0f3a4cdea908d351",
        "type": "github"
      },
      "original": {
        "owner": "ThePrimeagen",
        "repo": "vim-be-good",
        "type": "github"
      }
    },
    "plugin:vim-commentary": {
      "flake": false,
      "locked": {
        "lastModified": 1667247706,
        "narHash": "sha256-wPNAXFC3rgYJ1YkyyMqfUxiiozNldrk5ifpNHhNifyY=",
        "owner": "tpope",
        "repo": "vim-commentary",
        "rev": "e87cd90dc09c2a203e13af9704bd0ef79303d755",
        "type": "github"
      },
      "original": {
        "owner": "tpope",
        "repo": "vim-commentary",
        "type": "github"
      }
    },
    "plugin:vim-nix": {
      "flake": false,
      "locked": {
        "lastModified": 1650919516,
        "narHash": "sha256-W6ExP+iDNo5T8XazxHRpUiECGv+AU5PPoM4CmU7NV+0=",
        "owner": "LnL7",
        "repo": "vim-nix",
        "rev": "7d23e97d13c40fcc6d603b291fe9b6e5f92516ee",
        "type": "github"
      },
      "original": {
        "owner": "LnL7",
        "repo": "vim-nix",
        "type": "github"
      }
    },
    "plugin:vim-surround": {
      "flake": false,
      "locked": {
        "lastModified": 1666730476,
        "narHash": "sha256-DZE5tkmnT+lAvx/RQHaDEgEJXRKsy56KJY919xiH1lE=",
        "owner": "tpope",
        "repo": "vim-surround",
        "rev": "3d188ed2113431cf8dac77be61b842acb64433d9",
        "type": "github"
      },
      "original": {
        "owner": "tpope",
        "repo": "vim-surround",
        "type": "github"
      }
    },
    "plugin:vimwiki": {
      "flake": false,
      "locked": {
        "lastModified": 1686928440,
        "narHash": "sha256-wQcKa8yZPm4QEuUtcsqOTnXnWjpPmams3xilnSdPgcM=",
        "owner": "vimwiki",
        "repo": "vimwiki",
        "rev": "88620a2be0d47e74639b15c71f7e170bb3b2d432",
        "type": "github"
      },
      "original": {
        "owner": "vimwiki",
        "repo": "vimwiki",
        "type": "github"
      }
    },
    "plugin:webdev-icons": {
      "flake": false,
      "locked": {
        "lastModified": 1685150210,
        "narHash": "sha256-bryHxQZQ75wQXHLqYVh5zSkgLijdPvVAZPDYnv+JTkI=",
        "owner": "nvim-tree",
        "repo": "nvim-web-devicons",
        "rev": "2a125024a137677930efcfdf720f205504c97268",
        "type": "github"
      },
      "original": {
        "owner": "nvim-tree",
        "repo": "nvim-web-devicons",
        "type": "github"
      }
    },
    "plugin:which-key": {
      "flake": false,
      "locked": {
        "lastModified": 1684766425,
        "narHash": "sha256-wJo9XAUiru2WCeojL7aZuj0RDhkB5oClIpF/fGnXX6o=",
        "owner": "folke",
        "repo": "which-key.nvim",
        "rev": "e271c28118998c93a14d189af3395812a1aa646c",
        "type": "github"
      },
      "original": {
        "owner": "folke",
        "repo": "which-key.nvim",
        "type": "github"
      }
    },
    "root": {
      "inputs": {
        "flake-utils": "flake-utils",
        "neovim-flake": "neovim-flake",
        "nixpkgs": "nixpkgs",
        "plugin:cmp-buffer": "plugin:cmp-buffer",
        "plugin:cmp-cmdline": "plugin:cmp-cmdline",
        "plugin:cmp-nvim": "plugin:cmp-nvim",
        "plugin:cmp-nvim-lsp": "plugin:cmp-nvim-lsp",
        "plugin:cmp-nvim-lua": "plugin:cmp-nvim-lua",
        "plugin:cmp-path": "plugin:cmp-path",
        "plugin:cmp_luasnip": "plugin:cmp_luasnip",
        "plugin:easyread.nvim": "plugin:easyread.nvim",
        "plugin:fmt": "plugin:fmt",
        "plugin:fugitive": "plugin:fugitive",
        "plugin:gitsigns": "plugin:gitsigns",
        "plugin:glow": "plugin:glow",
        "plugin:go.nvim": "plugin:go.nvim",
        "plugin:js-is-bad": "plugin:js-is-bad",
        "plugin:lazygit": "plugin:lazygit",
        "plugin:lualine": "plugin:lualine",
        "plugin:luasnip": "plugin:luasnip",
        "plugin:markdown-preview": "plugin:markdown-preview",
        "plugin:md-headers.nvim": "plugin:md-headers.nvim",
        "plugin:mkdnflow.nvim": "plugin:mkdnflow.nvim",
        "plugin:neogit": "plugin:neogit",
        "plugin:neorg": "plugin:neorg",
        "plugin:neovim-dashboard": "plugin:neovim-dashboard",
        "plugin:neovim-tree": "plugin:neovim-tree",
        "plugin:nerdtree": "plugin:nerdtree",
        "plugin:nickel": "plugin:nickel",
        "plugin:nvim-autopairs": "plugin:nvim-autopairs",
        "plugin:nvim-dap": "plugin:nvim-dap",
        "plugin:nvim-lspconfig": "plugin:nvim-lspconfig",
        "plugin:onedark-vim": "plugin:onedark-vim",
        "plugin:peek": "plugin:peek",
        "plugin:plenary": "plugin:plenary",
        "plugin:rust-lsp": "plugin:rust-lsp",
        "plugin:tagbar": "plugin:tagbar",
        "plugin:telescope-plugin": "plugin:telescope-plugin",
        "plugin:telescope-plugin-vimwiki": "plugin:telescope-plugin-vimwiki",
        "plugin:telescope.nvim": "plugin:telescope.nvim",
        "plugin:toggleterm": "plugin:toggleterm",
        "plugin:tree-sitter": "plugin:tree-sitter",
        "plugin:vim-be-good": "plugin:vim-be-good",
        "plugin:vim-commentary": "plugin:vim-commentary",
        "plugin:vim-nix": "plugin:vim-nix",
        "plugin:vim-surround": "plugin:vim-surround",
        "plugin:vimwiki": "plugin:vimwiki",
        "plugin:webdev-icons": "plugin:webdev-icons",
        "plugin:which-key": "plugin:which-key"
      }
    },
    "systems": {
      "locked": {
        "lastModified": 1681028828,
        "narHash": "sha256-Vy1rq5AaRuLzOxct8nz4T6wlgyUR7zLU309k9mBC768=",
        "owner": "nix-systems",
        "repo": "default",
        "rev": "da67096a3b9bf56a91d16901293e51ba5b49a27e",
        "type": "github"
      },
      "original": {
        "owner": "nix-systems",
        "repo": "default",
        "type": "github"
      }
    },
    "systems_2": {
      "locked": {
        "lastModified": 1681028828,
        "narHash": "sha256-Vy1rq5AaRuLzOxct8nz4T6wlgyUR7zLU309k9mBC768=",
        "owner": "nix-systems",
        "repo": "default",
        "rev": "da67096a3b9bf56a91d16901293e51ba5b49a27e",
        "type": "github"
      },
      "original": {
        "owner": "nix-systems",
        "repo": "default",
        "type": "github"
      }
    }
  },
  "root": "root",
  "version": 7
}
